
Microsoft Visual Studio Solution File, Format Version 12.00
# Visual Studio Version 17
VisualStudioVersion = 17.0.31903.59
MinimumVisualStudioVersion = 10.0.40219.1
Project("{2150E333-8FDC-42A3-9474-1A3956D46DE8}") = "src", "src", "{827E0CD3-B72D-47B6-A68D-7590B98EB39B}"
EndProject
Project("{FAE04EC0-301F-11D3-BF4B-00C04F79EFBC}") = "OperationsApi", "src\OperationsApi\OperationsApi.csproj", "{070EB96C-DB07-4485-B4F0-EE0A43D9B779}"
EndProject
Project("{FAE04EC0-301F-11D3-BF4B-00C04F79EFBC}") = "CalculationsService", "src\CalculationsService\CalculationsService.csproj", "{6A3DE39D-D3F4-4480-B2A7-597A000CB5EC}"
EndProject
Project("{FAE04EC0-301F-11D3-BF4B-00C04F79EFBC}") = "ValveBench.Desktop", "src\ValveBench.Desktop\ValveBench.Desktop.csproj", "{1A7F3ED0-F507-41D7-9279-132054C005B8}"
EndProject
Global
	GlobalSection(SolutionConfigurationPlatforms) = preSolution
		Debug|Any CPU = Debug|Any CPU
		Debug|x64 = Debug|x64
		Debug|x86 = Debug|x86
		Release|Any CPU = Release|Any CPU
		Release|x64 = Release|x64
		Release|x86 = Release|x86
	EndGlobalSection
	GlobalSection(ProjectConfigurationPlatforms) = postSolution
		{070EB96C-DB07-4485-B4F0-EE0A43D9B779}.Debug|Any CPU.ActiveCfg = Debug|Any CPU
		{070EB96C-DB07-4485-B4F0-EE0A43D9B779}.Debug|Any CPU.Build.0 = Debug|Any CPU
		{070EB96C-DB07-4485-B4F0-EE0A43D9B779}.Debug|x64.ActiveCfg = Debug|Any CPU
		{070EB96C-DB07-4485-B4F0-EE0A43D9B779}.Debug|x64.Build.0 = Debug|Any CPU
		{070EB96C-DB07-4485-B4F0-EE0A43D9B779}.Debug|x86.ActiveCfg = Debug|Any CPU
		{070EB96C-DB07-4485-B4F0-EE0A43D9B779}.Debug|x86.Build.0 = Debug|Any CPU
		{070EB96C-DB07-4485-B4F0-EE0A43D9B779}.Release|Any CPU.ActiveCfg = Release|Any CPU
		{070EB96C-DB07-4485-B4F0-EE0A43D9B779}.Release|Any CPU.Build.0 = Release|Any CPU
		{070EB96C-DB07-4485-B4F0-EE0A43D9B779}.Release|x64.ActiveCfg = Release|Any CPU
		{070EB96C-DB07-4485-B4F0-EE0A43D9B779}.Release|x64.Build.0 = Release|Any CPU
		{070EB96C-DB07-4485-B4F0-EE0A43D9B779}.Release|x86.ActiveCfg = Release|Any CPU
		{070EB96C-DB07-4485-B4F0-EE0A43D9B779}.Release|x86.Build.0 = Release|Any CPU
		{6A3DE39D-D3F4-4480-B2A7-597A000CB5EC}.Debug|Any CPU.ActiveCfg = Debug|Any CPU
		{6A3DE39D-D3F4-4480-B2A7-597A000CB5EC}.Debug|Any CPU.Build.0 = Debug|Any CPU
		{6A3DE39D-D3F4-4480-B2A7-597A000CB5EC}.Debug|x64.ActiveCfg = Debug|Any CPU
		{6A3DE39D-D3F4-4480-B2A7-597A000CB5EC}.Debug|x64.Build.0 = Debug|Any CPU
		{6A3DE39D-D3F4-4480-B2A7-597A000CB5EC}.Debug|x86.ActiveCfg = Debug|Any CPU
		{6A3DE39D-D3F4-4480-B2A7-597A000CB5EC}.Debug|x86.Build.0 = Debug|Any CPU
		{6A3DE39D-D3F4-4480-B2A7-597A000CB5EC}.Release|Any CPU.ActiveCfg = Release|Any CPU
		{6A3DE39D-D3F4-4480-B2A7-597A000CB5EC}.Release|Any CPU.Build.0 = Release|Any CPU
		{6A3DE39D-D3F4-4480-B2A7-597A000CB5EC}.Release|x64.ActiveCfg = Release|Any CPU
		{6A3DE39D-D3F4-4480-B2A7-597A000CB5EC}.Release|x64.Build.0 = Release|Any CPU
		{6A3DE39D-D3F4-4480-B2A7-597A000CB5EC}.Release|x86.ActiveCfg = Release|Any CPU
		{6A3DE39D-D3F4-4480-B2A7-597A000CB5EC}.Release|x86.Build.0 = Release|Any CPU
		{1A7F3ED0-F507-41D7-9279-132054C005B8}.Debug|Any CPU.ActiveCfg = Debug|Any CPU
		{1A7F3ED0-F507-41D7-9279-132054C005B8}.Debug|Any CPU.Build.0 = Debug|Any CPU
		{1A7F3ED0-F507-41D7-9279-132054C005B8}.Debug|x64.ActiveCfg = Debug|Any CPU
		{1A7F3ED0-F507-41D7-9279-132054C005B8}.Debug|x64.Build.0 = Debug|Any CPU
		{1A7F3ED0-F507-41D7-9279-132054C005B8}.Debug|x86.ActiveCfg = Debug|Any CPU
		{1A7F3ED0-F507-41D7-9279-132054C005B8}.Debug|x86.Build.0 = Debug|Any CPU
		{1A7F3ED0-F507-41D7-9279-132054C005B8}.Release|Any CPU.ActiveCfg = Release|Any CPU
		{1A7F3ED0-F507-41D7-9279-132054C005B8}.Release|Any CPU.Build.0 = Release|Any CPU
		{1A7F3ED0-F507-41D7-9279-132054C005B8}.Release|x64.ActiveCfg = Release|Any CPU
		{1A7F3ED0-F507-41D7-9279-132054C005B8}.Release|x64.Build.0 = Release|Any CPU
		{1A7F3ED0-F507-41D7-9279-132054C005B8}.Release|x86.ActiveCfg = Release|Any CPU
		{1A7F3ED0-F507-41D7-9279-132054C005B8}.Release|x86.Build.0 = Release|Any CPU
	EndGlobalSection
	GlobalSection(SolutionProperties) = preSolution
		HideSolutionNode = FALSE
	EndGlobalSection
	GlobalSection(NestedProjects) = preSolution
		{070EB96C-DB07-4485-B4F0-EE0A43D9B779} = {827E0CD3-B72D-47B6-A68D-7590B98EB39B}
		{6A3DE39D-D3F4-4480-B2A7-597A000CB5EC} = {827E0CD3-B72D-47B6-A68D-7590B98EB39B}
		{1A7F3ED0-F507-41D7-9279-132054C005B8} = {827E0CD3-B72D-47B6-A68D-7590B98EB39B}
	EndGlobalSection
EndGlobal
